
Microsoft Visual Studio Solution File, Format Version 12.00
# Visual Studio Version 16
VisualStudioVersion = 16.0.30907.101
MinimumVisualStudioVersion = 10.0.40219.1
Project("{FAE04EC0-301F-11D3-BF4B-00C04F79EFBC}") = "RyansDiary", "RyansDiary\RyansDiary.csproj", "{D52514A8-D49B-45DF-839A-C9F2FA656F24}"
EndProject
Global
	GlobalSection(SolutionConfigurationPlatforms) = preSolution
		Debug|Any CPU = Debug|Any CPU
		Release|Any CPU = Release|Any CPU
	EndGlobalSection
	GlobalSection(ProjectConfigurationPlatforms) = postSolution
		{D52514A8-D49B-45DF-839A-C9F2FA656F24}.Debug|Any CPU.ActiveCfg = Debug|Any CPU
		{D52514A8-D49B-45DF-839A-C9F2FA656F24}.Debug|Any CPU.Build.0 = Debug|Any CPU
		{D52514A8-D49B-45DF-839A-C9F2FA656F24}.Release|Any CPU.ActiveCfg = Release|Any CPU
		{D52514A8-D49B-45DF-839A-C9F2FA656F24}.Release|Any CPU.Build.0 = Release|Any CPU
	EndGlobalSection
	GlobalSection(SolutionProperties) = preSolution
		HideSolutionNode = FALSE
	EndGlobalSection
	GlobalSection(ExtensibilityGlobals) = postSolution
		SolutionGuid = {B511146B-FB06-44FC-B405-26D9298AA9DB}
	EndGlobalSection
EndGlobal
